
Microsoft Visual Studio Solution File, Format Version 12.00
# Visual Studio Version 17
VisualStudioVersion = 17.13.35913.81
MinimumVisualStudioVersion = 10.0.40219.1
Project("{FAE04EC0-301F-11D3-BF4B-00C04F79EFBC}") = "SocialWelfarre", "SocialWelfarre.csproj", "{2435DC1E-08E0-41BD-9405-B961037A1CEC}"
EndProject
Global
	GlobalSection(SolutionConfigurationPlatforms) = preSolution
		Debug|Any CPU = Debug|Any CPU
		Release|Any CPU = Release|Any CPU
	EndGlobalSection
	GlobalSection(ProjectConfigurationPlatforms) = postSolution
		{2435DC1E-08E0-41BD-9405-B961037A1CEC}.Debug|Any CPU.ActiveCfg = Debug|Any CPU
		{2435DC1E-08E0-41BD-9405-B961037A1CEC}.Debug|Any CPU.Build.0 = Debug|Any CPU
		{2435DC1E-08E0-41BD-9405-B961037A1CEC}.Release|Any CPU.ActiveCfg = Release|Any CPU
		{2435DC1E-08E0-41BD-9405-B961037A1CEC}.Release|Any CPU.Build.0 = Release|Any CPU
	EndGlobalSection
	GlobalSection(SolutionProperties) = preSolution
		HideSolutionNode = FALSE
	EndGlobalSection
	GlobalSection(ExtensibilityGlobals) = postSolution
		SolutionGuid = {B81101DB-7836-492B-ABB7-7AE85E9D0332}
	EndGlobalSection
EndGlobal
